
Microsoft Visual Studio Solution File, Format Version 12.00
# Visual Studio 15
VisualStudioVersion = 15.0.28307.271
MinimumVisualStudioVersion = 10.0.40219.1
Project("{FAE04EC0-301F-11D3-BF4B-00C04F79EFBC}") = "PS4 Remote Play Auto-Patcher", "PS4 Remote Play Auto-Patcher\PS4 Remote Play Auto-Patcher.csproj", "{73D60608-03D3-46B4-954A-25FC69CBE3F5}"
EndProject
Project("{2150E333-8FDC-42A3-9474-1A3956D46DE8}") = "Solution Items", "Solution Items", "{5FC4CF0B-2338-4C60-8D4E-D1E32D8A93EB}"
	ProjectSection(SolutionItems) = preProject
		License.txt = License.txt
	EndProjectSection
EndProject
Global
	GlobalSection(SolutionConfigurationPlatforms) = preSolution
		Debug|Any CPU = Debug|Any CPU
		Release|Any CPU = Release|Any CPU
	EndGlobalSection
	GlobalSection(ProjectConfigurationPlatforms) = postSolution
		{73D60608-03D3-46B4-954A-25FC69CBE3F5}.Debug|Any CPU.ActiveCfg = Debug|Any CPU
		{73D60608-03D3-46B4-954A-25FC69CBE3F5}.Debug|Any CPU.Build.0 = Debug|Any CPU
		{73D60608-03D3-46B4-954A-25FC69CBE3F5}.Release|Any CPU.ActiveCfg = Release|Any CPU
		{73D60608-03D3-46B4-954A-25FC69CBE3F5}.Release|Any CPU.Build.0 = Release|Any CPU
	EndGlobalSection
	GlobalSection(SolutionProperties) = preSolution
		HideSolutionNode = FALSE
	EndGlobalSection
	GlobalSection(ExtensibilityGlobals) = postSolution
		SolutionGuid = {CC4F00F1-BBA2-4B30-B49E-B42350A7E059}
	EndGlobalSection
EndGlobal
